
Microsoft Visual Studio Solution File, Format Version 12.00
# Visual Studio 15
VisualStudioVersion = 15.0.28307.539
MinimumVisualStudioVersion = 10.0.40219.1
Project("{FAE04EC0-301F-11D3-BF4B-00C04F79EFBC}") = "COSAdmin", "COSAdmin\COSAdmin.csproj", "{D2123D82-4222-4AEB-8DC3-6B22DC30E1BC}"
EndProject
Global
	GlobalSection(SolutionConfigurationPlatforms) = preSolution
		Debug|Any CPU = Debug|Any CPU
		Release|Any CPU = Release|Any CPU
	EndGlobalSection
	GlobalSection(ProjectConfigurationPlatforms) = postSolution
		{D2123D82-4222-4AEB-8DC3-6B22DC30E1BC}.Debug|Any CPU.ActiveCfg = Debug|Any CPU
		{D2123D82-4222-4AEB-8DC3-6B22DC30E1BC}.Debug|Any CPU.Build.0 = Debug|Any CPU
		{D2123D82-4222-4AEB-8DC3-6B22DC30E1BC}.Release|Any CPU.ActiveCfg = Release|Any CPU
		{D2123D82-4222-4AEB-8DC3-6B22DC30E1BC}.Release|Any CPU.Build.0 = Release|Any CPU
	EndGlobalSection
	GlobalSection(SolutionProperties) = preSolution
		HideSolutionNode = FALSE
	EndGlobalSection
	GlobalSection(ExtensibilityGlobals) = postSolution
		SolutionGuid = {01B94525-B019-4BCD-A72C-834582E944C2}
	EndGlobalSection
EndGlobal
